
Microsoft Visual Studio Solution File, Format Version 12.00
# Visual Studio Version 17
VisualStudioVersion = 17.10.34916.146
MinimumVisualStudioVersion = 10.0.40219.1
Project("{9A19103F-16F7-4668-BE54-9A1E7A4F7556}") = "BankOCR", "BankOCR\BankOCR.csproj", "{F2E2AB04-75D7-4D49-BE11-F585E5B1DBA1}"
EndProject
Project("{9A19103F-16F7-4668-BE54-9A1E7A4F7556}") = "BankOCRTest", "BankOCRTest\BankOCRTest.csproj", "{ADB2EDA4-644C-464B-A3AA-8F2A7CAF80DC}"
EndProject
Global
	GlobalSection(SolutionConfigurationPlatforms) = preSolution
		Debug|Any CPU = Debug|Any CPU
		Release|Any CPU = Release|Any CPU
	EndGlobalSection
	GlobalSection(ProjectConfigurationPlatforms) = postSolution
		{F2E2AB04-75D7-4D49-BE11-F585E5B1DBA1}.Debug|Any CPU.ActiveCfg = Debug|Any CPU
		{F2E2AB04-75D7-4D49-BE11-F585E5B1DBA1}.Debug|Any CPU.Build.0 = Debug|Any CPU
		{F2E2AB04-75D7-4D49-BE11-F585E5B1DBA1}.Release|Any CPU.ActiveCfg = Release|Any CPU
		{F2E2AB04-75D7-4D49-BE11-F585E5B1DBA1}.Release|Any CPU.Build.0 = Release|Any CPU
		{ADB2EDA4-644C-464B-A3AA-8F2A7CAF80DC}.Debug|Any CPU.ActiveCfg = Debug|Any CPU
		{ADB2EDA4-644C-464B-A3AA-8F2A7CAF80DC}.Debug|Any CPU.Build.0 = Debug|Any CPU
		{ADB2EDA4-644C-464B-A3AA-8F2A7CAF80DC}.Release|Any CPU.ActiveCfg = Release|Any CPU
		{ADB2EDA4-644C-464B-A3AA-8F2A7CAF80DC}.Release|Any CPU.Build.0 = Release|Any CPU
	EndGlobalSection
	GlobalSection(SolutionProperties) = preSolution
		HideSolutionNode = FALSE
	EndGlobalSection
	GlobalSection(ExtensibilityGlobals) = postSolution
		SolutionGuid = {98F392F8-D980-4F8A-B0DD-6C96DD6B15C7}
	EndGlobalSection
EndGlobal
